{
    "_readme": [
        "This file locks the dependencies of your project to a known state",
        "Read more about it at https://getcomposer.org/doc/01-basic-usage.md#composer-lock-the-lock-file",
        "This file is @generated automatically"
    ],
    "hash": "b4ea06cdd855ca120b97a6464d2f39c0",
    "packages": [
        {
            "name": "phapi/cache-nullcache",
            "version": "1.0.0",
            "source": {
                "type": "git",
                "url": "https://github.com/phapi/cache-nullcache.git",
                "reference": "e13b2df27b638341a5f155b28c42d29697a8ec7a"
            },
            "dist": {
                "type": "zip",
                "url": "https://api.github.com/repos/phapi/cache-nullcache/zipball/e13b2df27b638341a5f155b28c42d29697a8ec7a",
                "reference": "e13b2df27b638341a5f155b28c42d29697a8ec7a",
                "shasum": ""
            },
            "require": {
                "phapi/contract": "1.*",
                "php": ">=5.6.0"
            },
            "require-dev": {
                "codeclimate/php-test-reporter": "dev-master",
                "mockery/mockery": "0.9.*",
                "phpunit/phpunit": "4.*"
            },
            "type": "library",
            "autoload": {
                "psr-4": {
                    "Phapi\\Cache\\": "src/Phapi/Cache/",
                    "Phapi\\Di\\Validator\\": "src/Phapi/Di/Validator/"
                }
            },
            "notification-url": "https://packagist.org/downloads/",
            "license": [
                "MIT"
            ],
            "authors": [
                {
                    "name": "Peter Ahinko",
                    "email": "peter@ahinko.se",
                    "role": "Developer"
                }
            ],
            "description": "Phapi NullCache is a fallback cache package with a fake cache storage.",
            "homepage": "http://phapi.github.io",
            "keywords": [
                "cache",
                "nullcache",
                "phapi"
            ],
            "time": "2015-07-02 08:31:59"
        },
        {
            "name": "phapi/contract",
            "version": "1.0.0",
            "source": {
                "type": "git",
                "url": "https://github.com/phapi/contract.git",
                "reference": "875d0279e29837ef29332bf90d5ce96bead3a83c"
            },
            "dist": {
                "type": "zip",
                "url": "https://api.github.com/repos/phapi/contract/zipball/875d0279e29837ef29332bf90d5ce96bead3a83c",
                "reference": "875d0279e29837ef29332bf90d5ce96bead3a83c",
                "shasum": ""
            },
            "require": {
                "php": ">=5.6.0",
                "psr/http-message": "1.*"
            },
            "type": "library",
            "autoload": {
                "psr-4": {
                    "Phapi\\Contract\\": "src/Phapi/Contract/"
                }
            },
            "notification-url": "https://packagist.org/downloads/",
            "license": [
                "MIT"
            ],
            "authors": [
                {
                    "name": "Peter Ahinko",
                    "email": "peter@ahinko.se",
                    "role": "Developer"
                }
            ],
            "description": "Phapi Contract is a set of interfaces used by the Phapi framework",
            "homepage": "http://phapi.github.io",
            "keywords": [
                "contract",
                "interfaces",
                "phapi"
            ],
            "time": "2015-07-02 08:03:20"
        },
        {
            "name": "phapi/di",
            "version": "1.0.0",
            "source": {
                "type": "git",
                "url": "https://github.com/phapi/di.git",
                "reference": "c9bada2d2919c62c3ee57c4536edc9f883b15808"
            },
            "dist": {
                "type": "zip",
                "url": "https://api.github.com/repos/phapi/di/zipball/c9bada2d2919c62c3ee57c4536edc9f883b15808",
                "reference": "c9bada2d2919c62c3ee57c4536edc9f883b15808",
                "shasum": ""
            },
            "require": {
                "phapi/contract": "1.*",
                "php": ">=5.6.0"
            },
            "require-dev": {
                "codeclimate/php-test-reporter": "dev-master",
                "mockery/mockery": "0.9.*",
                "phpunit/phpunit": "4.*"
            },
            "type": "library",
            "autoload": {
                "psr-4": {
                    "Phapi\\Di\\": "src/Phapi/Di/"
                }
            },
            "notification-url": "https://packagist.org/downloads/",
            "license": [
                "MIT"
            ],
            "authors": [
                {
                    "name": "Peter Ahinko",
                    "email": "peter@ahinko.se",
                    "role": "Developer"
                }
            ],
            "description": "Phapi Dependency Injection Container",
            "homepage": "http://phapi.github.io",
            "keywords": [
                "dependency injection container",
                "di",
                "phapi"
            ],
            "time": "2015-07-02 08:18:54"
        },
        {
            "name": "phapi/endpoint",
            "version": "1.0.0",
            "source": {
                "type": "git",
                "url": "https://github.com/phapi/endpoint.git",
                "reference": "67781a4b56cd9512d2179587a3cf2ae57742bc60"
            },
            "dist": {
                "type": "zip",
                "url": "https://api.github.com/repos/phapi/endpoint/zipball/67781a4b56cd9512d2179587a3cf2ae57742bc60",
                "reference": "67781a4b56cd9512d2179587a3cf2ae57742bc60",
                "shasum": ""
            },
            "require": {
                "phapi/contract": "1.*",
                "phapi/exception": "1.*",
                "php": ">=5.6.0",
                "psr/http-message": "1.*"
            },
            "require-dev": {
                "codeclimate/php-test-reporter": "dev-master",
                "mockery/mockery": "0.9.*",
                "phpunit/phpunit": "4.*"
            },
            "type": "library",
            "autoload": {
                "psr-4": {
                    "Phapi\\": "src/Phapi/"
                }
            },
            "notification-url": "https://packagist.org/downloads/",
            "license": [
                "MIT"
            ],
            "authors": [
                {
                    "name": "Peter Ahinko",
                    "email": "peter@ahinko.se",
                    "role": "Developer"
                }
            ],
            "description": "Contains endpoint class that all Phapi Endpoints should extend. Has built in functionality for handling OPTIONS requests.",
            "homepage": "http://phapi.github.io",
            "keywords": [
                "endpoint",
                "phapi"
            ],
            "time": "2015-07-02 08:40:58"
        },
        {
            "name": "phapi/exception",
            "version": "1.0.0",
            "source": {
                "type": "git",
                "url": "https://github.com/phapi/exception.git",
                "reference": "a6543f9b517e1370b3dafae5db281310152d4ecf"
            },
            "dist": {
                "type": "zip",
                "url": "https://api.github.com/repos/phapi/exception/zipball/a6543f9b517e1370b3dafae5db281310152d4ecf",
                "reference": "a6543f9b517e1370b3dafae5db281310152d4ecf",
                "shasum": ""
            },
            "require": {
                "phapi/contract": "1.*",
                "php": ">=5.6.0"
            },
            "require-dev": {
                "codeclimate/php-test-reporter": "dev-master",
                "phpunit/phpunit": "4.*"
            },
            "type": "library",
            "autoload": {
                "psr-4": {
                    "Phapi\\": "src/Phapi/",
                    "Phapi\\Exception\\": "src/Phapi/Exception/"
                }
            },
            "notification-url": "https://packagist.org/downloads/",
            "license": [
                "MIT"
            ],
            "authors": [
                {
                    "name": "Peter Ahinko",
                    "email": "peter@ahinko.se",
                    "role": "Developer"
                }
            ],
            "description": "Phapi Exceptions",
            "homepage": "http://phapi.github.io",
            "keywords": [
                "exception",
                "exceptions",
                "phapi"
            ],
            "time": "2015-07-02 08:23:59"
        },
        {
            "name": "phapi/http",
            "version": "1.0.0",
            "source": {
                "type": "git",
                "url": "https://github.com/phapi/http.git",
                "reference": "ed28762ff0a406a316ebfbe01d1e073608ce3014"
            },
            "dist": {
                "type": "zip",
                "url": "https://api.github.com/repos/phapi/http/zipball/ed28762ff0a406a316ebfbe01d1e073608ce3014",
                "reference": "ed28762ff0a406a316ebfbe01d1e073608ce3014",
                "shasum": ""
            },
            "require": {
                "phapi/contract": "1.*",
                "php": ">=5.6.0",
                "psr/http-message": "1.*",
                "zendframework/zend-diactoros": "1.*"
            },
            "require-dev": {
                "codeclimate/php-test-reporter": "dev-master",
                "phpunit/phpunit": "4.*"
            },
            "type": "library",
            "autoload": {
                "psr-4": {
                    "Phapi\\Http\\": "src/Phapi/Http/"
                }
            },
            "notification-url": "https://packagist.org/downloads/",
            "license": [
                "MIT"
            ],
            "authors": [
                {
                    "name": "Peter Ahinko",
                    "email": "peter@ahinko.se",
                    "role": "Developer"
                }
            ],
            "description": "Phapi HTTP Message is an implementation of PSR-7 used by the Phapi framework",
            "homepage": "http://phapi.github.io",
            "keywords": [
                "http message",
                "phapi",
                "psr-7"
            ],
            "time": "2015-07-02 08:13:49"
        },
        {
            "name": "phapi/log",
            "version": "1.0.0",
            "source": {
                "type": "git",
                "url": "https://github.com/phapi/log.git",
                "reference": "f402a59d389049f2c41e4b3281fd4c0f0e70d907"
            },
            "dist": {
                "type": "zip",
                "url": "https://api.github.com/repos/phapi/log/zipball/f402a59d389049f2c41e4b3281fd4c0f0e70d907",
                "reference": "f402a59d389049f2c41e4b3281fd4c0f0e70d907",
                "shasum": ""
            },
            "require": {
                "phapi/contract": "1.*",
                "php": ">=5.6.0",
                "psr/log": "1.*"
            },
            "require-dev": {
                "codeclimate/php-test-reporter": "dev-master",
                "mockery/mockery": "0.9.*",
                "phpunit/phpunit": "4.*"
            },
            "suggest": {
                "monolog/monolog": "1.*"
            },
            "type": "library",
            "autoload": {
                "psr-4": {
                    "Phapi\\Di\\Validator\\": "src/Phapi/Di/Validator/"
                }
            },
            "notification-url": "https://packagist.org/downloads/",
            "license": [
                "MIT"
            ],
            "authors": [
                {
                    "name": "Peter Ahinko",
                    "email": "peter@ahinko.se",
                    "role": "Developer"
                }
            ],
            "description": "Phapi Log contains a Di container validator",
            "homepage": "http://phapi.github.io",
            "keywords": [
                "phapi"
            ],
            "time": "2015-07-02 08:29:21"
        },
        {
            "name": "phapi/middleware-content-negotiation",
            "version": "1.0.0",
            "source": {
                "type": "git",
                "url": "https://github.com/phapi/middleware-content-negotiation.git",
                "reference": "d50269c4a2d843a25869067615ae021784fd4ad8"
            },
            "dist": {
                "type": "zip",
                "url": "https://api.github.com/repos/phapi/middleware-content-negotiation/zipball/d50269c4a2d843a25869067615ae021784fd4ad8",
                "reference": "d50269c4a2d843a25869067615ae021784fd4ad8",
                "shasum": ""
            },
            "require": {
                "phapi/contract": "1.*",
                "phapi/exception": "1.*",
                "php": ">=5.6.0",
                "psr/http-message": "1.*"
            },
            "require-dev": {
                "codeclimate/php-test-reporter": "dev-master",
                "mockery/mockery": "0.9.*",
                "phpunit/phpunit": "4.*"
            },
            "type": "library",
            "autoload": {
                "psr-4": {
                    "Phapi\\Middleware\\ContentNegotiation\\": "src/Phapi/Middleware/ContentNegotiation/"
                }
            },
            "notification-url": "https://packagist.org/downloads/",
            "license": [
                "MIT"
            ],
            "authors": [
                {
                    "name": "Peter Ahinko",
                    "email": "peter@ahinko.se",
                    "role": "Developer"
                }
            ],
            "description": "Content Negotiation Middleware used by the Phapi Framework.",
            "homepage": "http://phapi.github.io",
            "keywords": [
                "content negotiation",
                "middleware",
                "phapi"
            ],
            "time": "2015-07-02 11:16:14"
        },
        {
            "name": "phapi/middleware-courier",
            "version": "1.0.0",
            "source": {
                "type": "git",
                "url": "https://github.com/phapi/middleware-courier.git",
                "reference": "1e454846ff773bfb4414d1843615c1fac968b270"
            },
            "dist": {
                "type": "zip",
                "url": "https://api.github.com/repos/phapi/middleware-courier/zipball/1e454846ff773bfb4414d1843615c1fac968b270",
                "reference": "1e454846ff773bfb4414d1843615c1fac968b270",
                "shasum": ""
            },
            "require": {
                "phapi/contract": "1.*",
                "php": ">=5.6.0",
                "psr/http-message": "1.*"
            },
            "require-dev": {
                "codeclimate/php-test-reporter": "dev-master",
                "mockery/mockery": "0.9.*",
                "phpunit/phpunit": "4.*"
            },
            "type": "library",
            "autoload": {
                "psr-4": {
                    "Phapi\\Middleware\\Courier\\": "src/Phapi/Middleware/Courier/"
                }
            },
            "notification-url": "https://packagist.org/downloads/",
            "license": [
                "MIT"
            ],
            "authors": [
                {
                    "name": "Peter Ahinko",
                    "email": "peter@ahinko.se",
                    "role": "Developer"
                }
            ],
            "description": "HTTP Middleware responsible for sending the response to the client",
            "homepage": "http://phapi.github.io",
            "keywords": [
                "middleware",
                "phapi",
                "response"
            ],
            "time": "2015-07-02 11:10:57"
        },
        {
            "name": "phapi/middleware-method-override",
            "version": "1.0.0",
            "source": {
                "type": "git",
                "url": "https://github.com/phapi/middleware-method-override.git",
                "reference": "051e2b983d5424b1b7179aaf960d0c85a82d06df"
            },
            "dist": {
                "type": "zip",
                "url": "https://api.github.com/repos/phapi/middleware-method-override/zipball/051e2b983d5424b1b7179aaf960d0c85a82d06df",
                "reference": "051e2b983d5424b1b7179aaf960d0c85a82d06df",
                "shasum": ""
            },
            "require": {
                "phapi/contract": "1.*",
                "phapi/exception": "1.*",
                "php": ">=5.6.0",
                "psr/http-message": "1.*"
            },
            "require-dev": {
                "codeclimate/php-test-reporter": "dev-master",
                "mockery/mockery": "0.9.*",
                "phpunit/phpunit": "4.*"
            },
            "type": "library",
            "autoload": {
                "psr-4": {
                    "Phapi\\Middleware\\MethodOverride\\": "src/Phapi/Middleware/MethodOverride/"
                }
            },
            "notification-url": "https://packagist.org/downloads/",
            "license": [
                "MIT"
            ],
            "authors": [
                {
                    "name": "Peter Ahinko",
                    "email": "peter@ahinko.se",
                    "role": "Developer"
                }
            ],
            "description": "Middleware handling request method override using headers",
            "homepage": "http://phapi.github.io",
            "keywords": [
                "method override",
                "middleware",
                "phapi",
                "request method"
            ],
            "time": "2015-07-02 11:21:29"
        },
        {
            "name": "phapi/middleware-mistake",
            "version": "1.0.0",
            "source": {
                "type": "git",
                "url": "https://github.com/phapi/middleware-mistake.git",
                "reference": "5b461542318271b45dfe72cb1daff83e394b41e4"
            },
            "dist": {
                "type": "zip",
                "url": "https://api.github.com/repos/phapi/middleware-mistake/zipball/5b461542318271b45dfe72cb1daff83e394b41e4",
                "reference": "5b461542318271b45dfe72cb1daff83e394b41e4",
                "shasum": ""
            },
            "require": {
                "phapi/contract": "1.*",
                "phapi/exception": "1.*",
                "phapi/http": "1.*",
                "php": ">=5.6.0",
                "psr/http-message": "1.*"
            },
            "require-dev": {
                "codeclimate/php-test-reporter": "dev-master",
                "mockery/mockery": "0.9.*",
                "phpunit/phpunit": "4.*"
            },
            "type": "library",
            "autoload": {
                "psr-4": {
                    "Phapi\\Middleware\\Mistake\\": "src/Phapi/Middleware/Mistake/"
                }
            },
            "notification-url": "https://packagist.org/downloads/",
            "license": [
                "MIT"
            ],
            "authors": [
                {
                    "name": "Peter Ahinko",
                    "email": "peter@ahinko.se",
                    "role": "Developer"
                }
            ],
            "description": "Error and exception handling middleware for the Phapi Framework.",
            "homepage": "http://phapi.github.io",
            "keywords": [
                "error handler",
                "exception handler",
                "middleware",
                "phapi"
            ],
            "time": "2015-07-02 11:25:34"
        },
        {
            "name": "phapi/middleware-postbox",
            "version": "1.0.0",
            "source": {
                "type": "git",
                "url": "https://github.com/phapi/middleware-postbox.git",
                "reference": "577f0dc96a13f55c82d0e143c9e90dc369545ac6"
            },
            "dist": {
                "type": "zip",
                "url": "https://api.github.com/repos/phapi/middleware-postbox/zipball/577f0dc96a13f55c82d0e143c9e90dc369545ac6",
                "reference": "577f0dc96a13f55c82d0e143c9e90dc369545ac6",
                "shasum": ""
            },
            "require": {
                "phapi/contract": "1.*",
                "phapi/exception": "1.*",
                "php": ">=5.6.0",
                "psr/http-message": "1.*"
            },
            "require-dev": {
                "codeclimate/php-test-reporter": "dev-master",
                "mockery/mockery": "0.9.*",
                "phpunit/phpunit": "4.*"
            },
            "type": "library",
            "autoload": {
                "psr-4": {
                    "Phapi\\Middleware\\PostBox\\": "src/Phapi/Middleware/PostBox/"
                }
            },
            "notification-url": "https://packagist.org/downloads/",
            "license": [
                "MIT"
            ],
            "authors": [
                {
                    "name": "Peter Ahinko",
                    "email": "peter@ahinko.se",
                    "role": "Developer"
                }
            ],
            "description": "Postbox has one simple task; check if the Content-Type of the request is supported",
            "homepage": "http://phapi.github.io",
            "keywords": [
                "content-type",
                "middleware",
                "phapi",
                "postbox"
            ],
            "time": "2015-07-02 11:29:04"
        },
        {
            "name": "phapi/middleware-route",
            "version": "1.0.0",
            "source": {
                "type": "git",
                "url": "https://github.com/phapi/middleware-route.git",
                "reference": "69d46cebcde0733a62749ba8fa6224132ee4d588"
            },
            "dist": {
                "type": "zip",
                "url": "https://api.github.com/repos/phapi/middleware-route/zipball/69d46cebcde0733a62749ba8fa6224132ee4d588",
                "reference": "69d46cebcde0733a62749ba8fa6224132ee4d588",
                "shasum": ""
            },
            "require": {
                "phapi/contract": "1.*",
                "phapi/exception": "1.*",
                "php": ">=5.6.0",
                "psr/http-message": "1.*"
            },
            "require-dev": {
                "codeclimate/php-test-reporter": "dev-master",
                "mockery/mockery": "0.9.*",
                "phapi/http": "1.*",
                "phpunit/phpunit": "4.*"
            },
            "type": "library",
            "autoload": {
                "psr-4": {
                    "Phapi\\Middleware\\Route\\": "src/Phapi/Middleware/Route/"
                }
            },
            "notification-url": "https://packagist.org/downloads/",
            "license": [
                "MIT"
            ],
            "authors": [
                {
                    "name": "Peter Ahinko",
                    "email": "peter@ahinko.se",
                    "role": "Developer"
                }
            ],
            "description": "Middleware handling routing and dispatching to endpoints.",
            "homepage": "http://phapi.github.io",
            "keywords": [
                "dispatch",
                "dispatcher",
                "middleware",
                "phapi",
                "route",
                "router",
                "routing"
            ],
            "time": "2015-07-02 11:32:15"
        },
        {
            "name": "phapi/middleware-uuid",
            "version": "1.0.0",
            "source": {
                "type": "git",
                "url": "https://github.com/phapi/middleware-uuid.git",
                "reference": "387b0240b921b7acb8040e2e5ec22fb86ee821ad"
            },
            "dist": {
                "type": "zip",
                "url": "https://api.github.com/repos/phapi/middleware-uuid/zipball/387b0240b921b7acb8040e2e5ec22fb86ee821ad",
                "reference": "387b0240b921b7acb8040e2e5ec22fb86ee821ad",
                "shasum": ""
            },
            "require": {
                "phapi/contract": "1.*",
                "php": ">=5.6.0",
                "psr/http-message": "1.*"
            },
            "require-dev": {
                "codeclimate/php-test-reporter": "dev-master",
                "mockery/mockery": "0.9.*",
                "phpunit/phpunit": "4.*"
            },
            "type": "library",
            "autoload": {
                "psr-4": {
                    "Phapi\\Middleware\\Uuid\\": "src/Phapi/Middleware/Uuid/"
                }
            },
            "notification-url": "https://packagist.org/downloads/",
            "license": [
                "MIT"
            ],
            "authors": [
                {
                    "name": "Peter Ahinko",
                    "email": "peter@ahinko.se",
                    "role": "Developer"
                }
            ],
            "description": "Phapi UUID middleware generates and adds UUID to request and response for easier debugging.",
            "homepage": "http://phapi.github.io",
            "keywords": [
                "middleware",
                "phapi",
                "uuid"
            ],
            "time": "2015-07-02 11:34:15"
        },
        {
            "name": "phapi/pipeline",
            "version": "1.0.0",
            "source": {
                "type": "git",
                "url": "https://github.com/phapi/pipeline.git",
                "reference": "3c92f1c508e64eeef1427285fab02dbccebf0b98"
            },
            "dist": {
                "type": "zip",
                "url": "https://api.github.com/repos/phapi/pipeline/zipball/3c92f1c508e64eeef1427285fab02dbccebf0b98",
                "reference": "3c92f1c508e64eeef1427285fab02dbccebf0b98",
                "shasum": ""
            },
            "require": {
                "phapi/contract": "1.*",
                "php": ">=5.6.0",
                "psr/http-message": "1.*"
            },
            "require-dev": {
                "codeclimate/php-test-reporter": "dev-master",
                "mockery/mockery": "0.9.*",
                "phpunit/phpunit": "4.*"
            },
            "type": "library",
            "autoload": {
                "psr-4": {
                    "Phapi\\Middleware\\": "src/Phapi/Middleware/"
                }
            },
            "notification-url": "https://packagist.org/downloads/",
            "license": [
                "MIT"
            ],
            "authors": [
                {
                    "name": "Peter Ahinko",
                    "email": "peter@ahinko.se",
                    "role": "Developer"
                }
            ],
            "description": "Phapi Pipeline is a middleware pipeline handling the middleware queue. Phapi Pipeline relies on PSR-7",
            "homepage": "http://phapi.github.io",
            "keywords": [
                "middleware",
                "phapi",
                "pipeline"
            ],
            "time": "2015-07-02 08:26:36"
        },
        {
            "name": "phapi/serializer",
            "version": "1.0.0",
            "source": {
                "type": "git",
                "url": "https://github.com/phapi/serializer.git",
                "reference": "da04ceec465bfdc0be082473d7c26eff77ffe6c4"
            },
            "dist": {
                "type": "zip",
                "url": "https://api.github.com/repos/phapi/serializer/zipball/da04ceec465bfdc0be082473d7c26eff77ffe6c4",
                "reference": "da04ceec465bfdc0be082473d7c26eff77ffe6c4",
                "shasum": ""
            },
            "require": {
                "phapi/contract": "1.*",
                "phapi/exception": "1.*",
                "phapi/http": "1.*",
                "php": ">=5.6.0"
            },
            "require-dev": {
                "codeclimate/php-test-reporter": "dev-master",
                "mockery/mockery": "0.9.*",
                "phpunit/phpunit": "4.6.*"
            },
            "type": "library",
            "autoload": {
                "psr-4": {
                    "Phapi\\Serializer\\": "src/Phapi/Serializer/"
                }
            },
            "notification-url": "https://packagist.org/downloads/",
            "license": [
                "MIT"
            ],
            "authors": [
                {
                    "name": "Peter Ahinko",
                    "email": "peter@ahinko.se",
                    "role": "Developer"
                }
            ],
            "description": "Phapi Serializer is a helper class for Serializer Middleware.",
            "homepage": "http://phapi.github.io",
            "keywords": [
                "middleware",
                "phapi",
                "serializer"
            ],
            "time": "2015-07-02 08:44:49"
        },
        {
            "name": "phapi/serializer-json",
            "version": "1.0.0",
            "source": {
                "type": "git",
                "url": "https://github.com/phapi/serializer-json.git",
                "reference": "a1ab08f1ad375014ffc5e39f7bb629294a703349"
            },
            "dist": {
                "type": "zip",
                "url": "https://api.github.com/repos/phapi/serializer-json/zipball/a1ab08f1ad375014ffc5e39f7bb629294a703349",
                "reference": "a1ab08f1ad375014ffc5e39f7bb629294a703349",
                "shasum": ""
            },
            "require": {
                "phapi/serializer": "1.*",
                "php": ">=5.6.0"
            },
            "require-dev": {
                "codeclimate/php-test-reporter": "dev-master",
                "mockery/mockery": "0.9.*",
                "phpunit/phpunit": "4.*"
            },
            "type": "library",
            "autoload": {
                "psr-4": {
                    "Phapi\\Middleware\\Deserializer\\Json\\": "src/Phapi/Middleware/Deserializer/Json/",
                    "Phapi\\Middleware\\Serializer\\Json\\": "src/Phapi/Middleware/Serializer/Json/"
                }
            },
            "notification-url": "https://packagist.org/downloads/",
            "license": [
                "MIT"
            ],
            "authors": [
                {
                    "name": "Peter Ahinko",
                    "email": "peter@ahinko.se",
                    "role": "Developer"
                }
            ],
            "description": "Phapi JSON Serializer is a middleware based serializer that converts arrays to JSON. The middleware are PSR-7 compliant and a package developed for and used by the Phapi Framework.",
            "homepage": "http://phapi.github.io",
            "keywords": [
                "json",
                "middleware",
                "phapi",
                "serializer"
            ],
            "time": "2015-07-02 08:48:10"
        },
        {
            "name": "psr/http-message",
            "version": "1.0",
            "source": {
                "type": "git",
                "url": "https://github.com/php-fig/http-message.git",
                "reference": "85d63699f0dbedb190bbd4b0d2b9dc707ea4c298"
            },
            "dist": {
                "type": "zip",
                "url": "https://api.github.com/repos/php-fig/http-message/zipball/85d63699f0dbedb190bbd4b0d2b9dc707ea4c298",
                "reference": "85d63699f0dbedb190bbd4b0d2b9dc707ea4c298",
                "shasum": ""
            },
            "require": {
                "php": ">=5.3.0"
            },
            "type": "library",
            "extra": {
                "branch-alias": {
                    "dev-master": "1.0.x-dev"
                }
            },
            "autoload": {
                "psr-4": {
                    "Psr\\Http\\Message\\": "src/"
                }
            },
            "notification-url": "https://packagist.org/downloads/",
            "license": [
                "MIT"
            ],
            "authors": [
                {
                    "name": "PHP-FIG",
                    "homepage": "http://www.php-fig.org/"
                }
            ],
            "description": "Common interface for HTTP messages",
            "keywords": [
                "http",
                "http-message",
                "psr",
                "psr-7",
                "request",
                "response"
            ],
            "time": "2015-05-04 20:22:00"
        },
        {
            "name": "psr/log",
            "version": "1.0.0",
            "source": {
                "type": "git",
                "url": "https://github.com/php-fig/log.git",
                "reference": "fe0936ee26643249e916849d48e3a51d5f5e278b"
            },
            "dist": {
                "type": "zip",
                "url": "https://api.github.com/repos/php-fig/log/zipball/fe0936ee26643249e916849d48e3a51d5f5e278b",
                "reference": "fe0936ee26643249e916849d48e3a51d5f5e278b",
                "shasum": ""
            },
            "type": "library",
            "autoload": {
                "psr-0": {
                    "Psr\\Log\\": ""
                }
            },
            "notification-url": "https://packagist.org/downloads/",
            "license": [
                "MIT"
            ],
            "authors": [
                {
                    "name": "PHP-FIG",
                    "homepage": "http://www.php-fig.org/"
                }
            ],
            "description": "Common interface for logging libraries",
            "keywords": [
                "log",
                "psr",
                "psr-3"
            ],
            "time": "2012-12-21 11:40:51"
        },
        {
            "name": "zendframework/zend-diactoros",
            "version": "1.1.1",
            "source": {
                "type": "git",
                "url": "https://github.com/zendframework/zend-diactoros.git",
                "reference": "eeedadd333b80bb5d93559e2285047463fe4fe33"
            },
            "dist": {
                "type": "zip",
                "url": "https://api.github.com/repos/zendframework/zend-diactoros/zipball/eeedadd333b80bb5d93559e2285047463fe4fe33",
                "reference": "eeedadd333b80bb5d93559e2285047463fe4fe33",
                "shasum": ""
            },
            "require": {
                "php": ">=5.4",
                "psr/http-message": "~1.0"
            },
            "provide": {
                "psr/http-message-implementation": "~1.0.0"
            },
            "require-dev": {
                "phpunit/phpunit": "~4.6",
                "squizlabs/php_codesniffer": "^2.3.1"
            },
            "type": "library",
            "extra": {
                "branch-alias": {
                    "dev-master": "1.0-dev",
                    "dev-develop": "1.1-dev"
                }
            },
            "autoload": {
                "psr-4": {
                    "Zend\\Diactoros\\": "src/"
                }
            },
            "notification-url": "https://packagist.org/downloads/",
            "license": [
                "BSD-2-Clause"
            ],
            "description": "PSR HTTP Message implementations",
            "homepage": "https://github.com/zendframework/zend-diactoros",
            "keywords": [
                "http",
                "psr",
                "psr-7"
            ],
            "time": "2015-06-25 18:07:28"
        }
    ],
    "packages-dev": [],
    "aliases": [],
    "minimum-stability": "stable",
    "stability-flags": [],
    "prefer-stable": false,
    "prefer-lowest": false,
    "platform": {
        "php": ">=5.6.0"
    },
    "platform-dev": []
}
